<?xml version="1.0" encoding="UTF-8"?>
<!DOCTYPE plist PUBLIC "-//Apple//DTD PLIST 1.0//EN" "http://www.apple.com/DTDs/PropertyList-1.0.dtd">
<plist version="1.0">
<dict>
	<key>archiveVersion</key>
	<string>1</string>
	<key>classes</key>
	<dict/>
	<key>objectVersion</key>
	<string>46</string>
	<key>objects</key>
	<dict>
		<key>0A2CECB918CE16DE0044E20C</key>
		<dict>
			<key>fileEncoding</key>
			<string>4</string>
			<key>isa</key>
			<string>PBXFileReference</string>
			<key>lastKnownFileType</key>
			<string>sourcecode.c.h</string>
			<key>path</key>
			<string>FriendCreationViewController.h</string>
			<key>sourceTree</key>
			<string>&lt;group&gt;</string>
		</dict>
		<key>0A2CECBA18CE16DE0044E20C</key>
		<dict>
			<key>fileEncoding</key>
			<string>4</string>
			<key>isa</key>
			<string>PBXFileReference</string>
			<key>lastKnownFileType</key>
			<string>sourcecode.c.objc</string>
			<key>path</key>
			<string>FriendCreationViewController.m</string>
			<key>sourceTree</key>
			<string>&lt;group&gt;</string>
		</dict>
		<key>0A2CECBB18CE16DE0044E20C</key>
		<dict>
			<key>fileRef</key>
			<string>0A2CECBA18CE16DE0044E20C</string>
			<key>isa</key>
			<string>PBXBuildFile</string>
		</dict>
		<key>0A7381CA18C2A68700F92E6A</key>
		<dict>
			<key>fileEncoding</key>
			<string>4</string>
			<key>isa</key>
			<string>PBXFileReference</string>
			<key>lastKnownFileType</key>
			<string>sourcecode.c.h</string>
			<key>path</key>
			<string>MobViewController.h</string>
			<key>sourceTree</key>
			<string>&lt;group&gt;</string>
		</dict>
		<key>0A7381CB18C2A68700F92E6A</key>
		<dict>
			<key>fileEncoding</key>
			<string>4</string>
			<key>isa</key>
			<string>PBXFileReference</string>
			<key>lastKnownFileType</key>
			<string>sourcecode.c.objc</string>
			<key>path</key>
			<string>MobViewController.m</string>
			<key>sourceTree</key>
			<string>&lt;group&gt;</string>
		</dict>
		<key>0A7381CC18C2A68700F92E6A</key>
		<dict>
			<key>fileRef</key>
			<string>0A7381CB18C2A68700F92E6A</string>
			<key>isa</key>
			<string>PBXBuildFile</string>
		</dict>
		<key>0A7381CD18C2A69800F92E6A</key>
		<dict>
			<key>fileEncoding</key>
			<string>4</string>
			<key>isa</key>
			<string>PBXFileReference</string>
			<key>lastKnownFileType</key>
			<string>sourcecode.c.h</string>
			<key>path</key>
			<string>MobCreationViewController.h</string>
			<key>sourceTree</key>
			<string>&lt;group&gt;</string>
		</dict>
		<key>0A7381CE18C2A69800F92E6A</key>
		<dict>
			<key>fileEncoding</key>
			<string>4</string>
			<key>isa</key>
			<string>PBXFileReference</string>
			<key>lastKnownFileType</key>
			<string>sourcecode.c.objc</string>
			<key>path</key>
			<string>MobCreationViewController.m</string>
			<key>sourceTree</key>
			<string>&lt;group&gt;</string>
		</dict>
		<key>0A7381CF18C2A69800F92E6A</key>
		<dict>
			<key>fileRef</key>
			<string>0A7381CE18C2A69800F92E6A</string>
			<key>isa</key>
			<string>PBXBuildFile</string>
		</dict>
		<key>0A7381D018C2A6F400F92E6A</key>
		<dict>
			<key>isa</key>
			<string>PBXFileReference</string>
			<key>lastKnownFileType</key>
			<string>image.png</string>
			<key>path</key>
			<string>MobBtn.png</string>
			<key>sourceTree</key>
			<string>&lt;group&gt;</string>
		</dict>
		<key>0A7381D118C2A6F400F92E6A</key>
		<dict>
			<key>isa</key>
			<string>PBXFileReference</string>
			<key>lastKnownFileType</key>
			<string>image.png</string>
			<key>path</key>
			<string>MobBtn@2x.png</string>
			<key>sourceTree</key>
			<string>&lt;group&gt;</string>
		</dict>
		<key>0A7381D218C2A6F400F92E6A</key>
		<dict>
			<key>fileRef</key>
			<string>0A7381D018C2A6F400F92E6A</string>
			<key>isa</key>
			<string>PBXBuildFile</string>
		</dict>
		<key>0A7381D318C2A6F400F92E6A</key>
		<dict>
			<key>fileRef</key>
			<string>0A7381D118C2A6F400F92E6A</string>
			<key>isa</key>
			<string>PBXBuildFile</string>
		</dict>
		<key>0A7381E418C2C05100F92E6A</key>
		<dict>
			<key>isa</key>
			<string>PBXFileReference</string>
			<key>lastKnownFileType</key>
			<string>image.png</string>
			<key>path</key>
			<string>BtnRing.png</string>
			<key>sourceTree</key>
			<string>&lt;group&gt;</string>
		</dict>
		<key>0A7381E518C2C05100F92E6A</key>
		<dict>
			<key>isa</key>
			<string>PBXFileReference</string>
			<key>lastKnownFileType</key>
			<string>image.png</string>
			<key>path</key>
			<string>BtnRing@2x.png</string>
			<key>sourceTree</key>
			<string>&lt;group&gt;</string>
		</dict>
		<key>0A7381E618C2C05100F92E6A</key>
		<dict>
			<key>fileRef</key>
			<string>0A7381E418C2C05100F92E6A</string>
			<key>isa</key>
			<string>PBXBuildFile</string>
		</dict>
		<key>0A7381E718C2C05100F92E6A</key>
		<dict>
			<key>fileRef</key>
			<string>0A7381E518C2C05100F92E6A</string>
			<key>isa</key>
			<string>PBXBuildFile</string>
		</dict>
		<key>0A73828E18CD415000F92E6A</key>
		<dict>
			<key>fileEncoding</key>
			<string>4</string>
			<key>isa</key>
			<string>PBXFileReference</string>
			<key>lastKnownFileType</key>
			<string>sourcecode.c.h</string>
			<key>path</key>
			<string>UserStorage.h</string>
			<key>sourceTree</key>
			<string>&lt;group&gt;</string>
		</dict>
		<key>0A73828F18CD415000F92E6A</key>
		<dict>
			<key>fileEncoding</key>
			<string>4</string>
			<key>isa</key>
			<string>PBXFileReference</string>
			<key>lastKnownFileType</key>
			<string>sourcecode.c.objc</string>
			<key>path</key>
			<string>UserStorage.m</string>
			<key>sourceTree</key>
			<string>&lt;group&gt;</string>
		</dict>
		<key>0A73829018CD415000F92E6A</key>
		<dict>
			<key>fileRef</key>
			<string>0A73828F18CD415000F92E6A</string>
			<key>isa</key>
			<string>PBXBuildFile</string>
		</dict>
		<key>0A73829118CD4D8B00F92E6A</key>
		<dict>
			<key>fileEncoding</key>
			<string>4</string>
			<key>isa</key>
			<string>PBXFileReference</string>
			<key>lastKnownFileType</key>
			<string>sourcecode.c.h</string>
			<key>path</key>
			<string>FriendsViewController.h</string>
			<key>sourceTree</key>
			<string>&lt;group&gt;</string>
		</dict>
		<key>0A73829218CD4D8B00F92E6A</key>
		<dict>
			<key>fileEncoding</key>
			<string>4</string>
			<key>isa</key>
			<string>PBXFileReference</string>
			<key>lastKnownFileType</key>
			<string>sourcecode.c.objc</string>
			<key>path</key>
			<string>FriendsViewController.m</string>
			<key>sourceTree</key>
			<string>&lt;group&gt;</string>
		</dict>
		<key>0A73829318CD4D8B00F92E6A</key>
		<dict>
			<key>fileRef</key>
			<string>0A73829218CD4D8B00F92E6A</string>
			<key>isa</key>
			<string>PBXBuildFile</string>
		</dict>
		<key>0A73829A18CD867400F92E6A</key>
		<dict>
			<key>fileEncoding</key>
			<string>4</string>
			<key>isa</key>
			<string>PBXFileReference</string>
			<key>lastKnownFileType</key>
			<string>sourcecode.c.h</string>
			<key>path</key>
			<string>Groups.h</string>
			<key>sourceTree</key>
			<string>&lt;group&gt;</string>
		</dict>
		<key>0A73829B18CD867400F92E6A</key>
		<dict>
			<key>fileEncoding</key>
			<string>4</string>
			<key>isa</key>
			<string>PBXFileReference</string>
			<key>lastKnownFileType</key>
			<string>sourcecode.c.objc</string>
			<key>path</key>
			<string>Groups.m</string>
			<key>sourceTree</key>
			<string>&lt;group&gt;</string>
		</dict>
		<key>0A73829C18CD867400F92E6A</key>
		<dict>
			<key>fileRef</key>
			<string>0A73829B18CD867400F92E6A</string>
			<key>isa</key>
			<string>PBXBuildFile</string>
		</dict>
		<key>0A73829D18CD88E600F92E6A</key>
		<dict>
			<key>fileEncoding</key>
			<string>4</string>
			<key>isa</key>
			<string>PBXFileReference</string>
			<key>lastKnownFileType</key>
			<string>sourcecode.c.h</string>
			<key>path</key>
			<string>GroupInstanceViewController.h</string>
			<key>sourceTree</key>
			<string>&lt;group&gt;</string>
		</dict>
		<key>0A73829E18CD88E600F92E6A</key>
		<dict>
			<key>fileEncoding</key>
			<string>4</string>
			<key>isa</key>
			<string>PBXFileReference</string>
			<key>lastKnownFileType</key>
			<string>sourcecode.c.objc</string>
			<key>path</key>
			<string>GroupInstanceViewController.m</string>
			<key>sourceTree</key>
			<string>&lt;group&gt;</string>
		</dict>
		<key>0A73829F18CD88E600F92E6A</key>
		<dict>
			<key>fileRef</key>
			<string>0A73829E18CD88E600F92E6A</string>
			<key>isa</key>
			<string>PBXBuildFile</string>
		</dict>
		<key>0A7382A018CD8BFE00F92E6A</key>
		<dict>
			<key>fileEncoding</key>
			<string>4</string>
			<key>isa</key>
			<string>PBXFileReference</string>
			<key>lastKnownFileType</key>
			<string>sourcecode.c.h</string>
			<key>path</key>
			<string>Friends.h</string>
			<key>sourceTree</key>
			<string>&lt;group&gt;</string>
		</dict>
		<key>0A7382A118CD8BFE00F92E6A</key>
		<dict>
			<key>fileEncoding</key>
			<string>4</string>
			<key>isa</key>
			<string>PBXFileReference</string>
			<key>lastKnownFileType</key>
			<string>sourcecode.c.objc</string>
			<key>path</key>
			<string>Friends.m</string>
			<key>sourceTree</key>
			<string>&lt;group&gt;</string>
		</dict>
		<key>0A7382A218CD8BFE00F92E6A</key>
		<dict>
			<key>fileRef</key>
			<string>0A7382A118CD8BFE00F92E6A</string>
			<key>isa</key>
			<string>PBXBuildFile</string>
		</dict>
		<key>0A7382A318CD91DE00F92E6A</key>
		<dict>
			<key>fileEncoding</key>
			<string>4</string>
			<key>isa</key>
			<string>PBXFileReference</string>
			<key>lastKnownFileType</key>
			<string>sourcecode.c.h</string>
			<key>path</key>
			<string>Friend.h</string>
			<key>sourceTree</key>
			<string>&lt;group&gt;</string>
		</dict>
		<key>0A7382A418CD91DE00F92E6A</key>
		<dict>
			<key>fileEncoding</key>
			<string>4</string>
			<key>isa</key>
			<string>PBXFileReference</string>
			<key>lastKnownFileType</key>
			<string>sourcecode.c.objc</string>
			<key>path</key>
			<string>Friend.m</string>
			<key>sourceTree</key>
			<string>&lt;group&gt;</string>
		</dict>
		<key>0A7382A518CD91DE00F92E6A</key>
		<dict>
			<key>fileRef</key>
			<string>0A7382A418CD91DE00F92E6A</string>
			<key>isa</key>
			<string>PBXBuildFile</string>
		</dict>
		<key>0A7382A618CD943300F92E6A</key>
		<dict>
			<key>fileEncoding</key>
			<string>4</string>
			<key>isa</key>
			<string>PBXFileReference</string>
			<key>lastKnownFileType</key>
			<string>sourcecode.c.h</string>
			<key>path</key>
			<string>Group.h</string>
			<key>sourceTree</key>
			<string>&lt;group&gt;</string>
		</dict>
		<key>0A7382A718CD943300F92E6A</key>
		<dict>
			<key>fileEncoding</key>
			<string>4</string>
			<key>isa</key>
			<string>PBXFileReference</string>
			<key>lastKnownFileType</key>
			<string>sourcecode.c.objc</string>
			<key>path</key>
			<string>Group.m</string>
			<key>sourceTree</key>
			<string>&lt;group&gt;</string>
		</dict>
		<key>0A7382A818CD943300F92E6A</key>
		<dict>
			<key>fileRef</key>
			<string>0A7382A718CD943300F92E6A</string>
			<key>isa</key>
			<string>PBXBuildFile</string>
		</dict>
		<key>3533D994DE74414AA67A823E</key>
		<dict>
			<key>buildActionMask</key>
			<string>2147483647</string>
			<key>files</key>
			<array/>
			<key>inputPaths</key>
			<array/>
			<key>isa</key>
			<string>PBXShellScriptBuildPhase</string>
			<key>name</key>
			<string>Copy Pods Resources</string>
			<key>outputPaths</key>
			<array/>
			<key>runOnlyForDeploymentPostprocessing</key>
			<string>0</string>
			<key>shellPath</key>
			<string>/bin/sh</string>
			<key>shellScript</key>
			<string>"${SRCROOT}/Pods/Pods-resources.sh"
</string>
			<key>showEnvVarsInLog</key>
			<string>0</string>
		</dict>
		<key>3775BC5C144448E58D1ECD50</key>
		<dict>
			<key>fileRef</key>
			<string>D38E693BE514428EA6D50E24</string>
			<key>isa</key>
			<string>PBXBuildFile</string>
		</dict>
		<key>A63788B78E1B4C919634CA05</key>
		<dict>
			<key>includeInIndex</key>
			<string>1</string>
			<key>isa</key>
			<string>PBXFileReference</string>
			<key>lastKnownFileType</key>
			<string>text.xcconfig</string>
			<key>name</key>
			<string>Pods.xcconfig</string>
			<key>path</key>
			<string>Pods/Pods.xcconfig</string>
			<key>sourceTree</key>
			<string>&lt;group&gt;</string>
		</dict>
		<key>BE8DB69FF5874B2C933E7EEC</key>
		<dict>
			<key>buildActionMask</key>
			<string>2147483647</string>
			<key>files</key>
			<array/>
			<key>inputPaths</key>
			<array/>
			<key>isa</key>
			<string>PBXShellScriptBuildPhase</string>
			<key>name</key>
			<string>Check Pods Manifest.lock</string>
			<key>outputPaths</key>
			<array/>
			<key>runOnlyForDeploymentPostprocessing</key>
			<string>0</string>
			<key>shellPath</key>
			<string>/bin/sh</string>
			<key>shellScript</key>
			<string>diff "${PODS_ROOT}/../Podfile.lock" "${PODS_ROOT}/Manifest.lock" &gt; /dev/null
if [[ $? != 0 ]] ; then
    cat &lt;&lt; EOM
error: The sandbox is not in sync with the Podfile.lock. Run 'pod install' or update your CocoaPods installation.
EOM
    exit 1
fi
</string>
			<key>showEnvVarsInLog</key>
			<string>0</string>
		</dict>
		<key>D201C0B018CBE33B0081446C</key>
		<dict>
			<key>children</key>
			<array>
				<string>D201C0BE18CBEB9F0081446C</string>
				<string>D201C0BF18CBEB9F0081446C</string>
				<string>D2A299A218CD86200085D09D</string>
				<string>D2A299A318CD86200085D09D</string>
				<string>D2A299A518CD91750085D09D</string>
				<string>D2A299A618CD91750085D09D</string>
			</array>
			<key>isa</key>
			<string>PBXGroup</string>
			<key>name</key>
			<string>Other</string>
			<key>sourceTree</key>
			<string>&lt;group&gt;</string>
		</dict>
		<key>D201C0B118CBE37A0081446C</key>
		<dict>
			<key>children</key>
			<array>
				<string>D201C0B218CBE3950081446C</string>
				<string>D201C0B318CBE3950081446C</string>
			</array>
			<key>isa</key>
			<string>PBXGroup</string>
			<key>name</key>
			<string>Core</string>
			<key>sourceTree</key>
			<string>&lt;group&gt;</string>
		</dict>
		<key>D201C0B218CBE3950081446C</key>
		<dict>
			<key>fileEncoding</key>
			<string>4</string>
			<key>isa</key>
			<string>PBXFileReference</string>
			<key>lastKnownFileType</key>
			<string>sourcecode.c.h</string>
			<key>path</key>
			<string>UIColor+Hex.h</string>
			<key>sourceTree</key>
			<string>&lt;group&gt;</string>
		</dict>
		<key>D201C0B318CBE3950081446C</key>
		<dict>
			<key>fileEncoding</key>
			<string>4</string>
			<key>isa</key>
			<string>PBXFileReference</string>
			<key>lastKnownFileType</key>
			<string>sourcecode.c.objc</string>
			<key>path</key>
			<string>UIColor+Hex.m</string>
			<key>sourceTree</key>
			<string>&lt;group&gt;</string>
		</dict>
		<key>D201C0B418CBE3950081446C</key>
		<dict>
			<key>fileRef</key>
			<string>D201C0B318CBE3950081446C</string>
			<key>isa</key>
			<string>PBXBuildFile</string>
		</dict>
		<key>D201C0B518CBE7F80081446C</key>
		<dict>
			<key>fileEncoding</key>
			<string>4</string>
			<key>isa</key>
			<string>PBXFileReference</string>
			<key>lastKnownFileType</key>
			<string>file.storyboard</string>
			<key>path</key>
			<string>SplashStuff.storyboard</string>
			<key>sourceTree</key>
			<string>&lt;group&gt;</string>
		</dict>
		<key>D201C0B618CBE7F80081446C</key>
		<dict>
			<key>fileRef</key>
			<string>D201C0B518CBE7F80081446C</string>
			<key>isa</key>
			<string>PBXBuildFile</string>
		</dict>
		<key>D201C0B718CBE8100081446C</key>
		<dict>
			<key>children</key>
			<array>
				<string>D201C0B818CBE82C0081446C</string>
				<string>D201C0B918CBE82C0081446C</string>
			</array>
			<key>isa</key>
			<string>PBXGroup</string>
			<key>name</key>
			<string>Setup</string>
			<key>sourceTree</key>
			<string>&lt;group&gt;</string>
		</dict>
		<key>D201C0B818CBE82C0081446C</key>
		<dict>
			<key>fileEncoding</key>
			<string>4</string>
			<key>isa</key>
			<string>PBXFileReference</string>
			<key>lastKnownFileType</key>
			<string>sourcecode.c.h</string>
			<key>path</key>
			<string>SetupViewController.h</string>
			<key>sourceTree</key>
			<string>&lt;group&gt;</string>
		</dict>
		<key>D201C0B918CBE82C0081446C</key>
		<dict>
			<key>fileEncoding</key>
			<string>4</string>
			<key>isa</key>
			<string>PBXFileReference</string>
			<key>lastKnownFileType</key>
			<string>sourcecode.c.objc</string>
			<key>path</key>
			<string>SetupViewController.m</string>
			<key>sourceTree</key>
			<string>&lt;group&gt;</string>
		</dict>
		<key>D201C0BA18CBE82C0081446C</key>
		<dict>
			<key>fileRef</key>
			<string>D201C0B918CBE82C0081446C</string>
			<key>isa</key>
			<string>PBXBuildFile</string>
		</dict>
		<key>D201C0BE18CBEB9F0081446C</key>
		<dict>
			<key>fileEncoding</key>
			<string>4</string>
			<key>isa</key>
			<string>PBXFileReference</string>
			<key>lastKnownFileType</key>
			<string>sourcecode.c.h</string>
			<key>path</key>
			<string>MobSyncNavigationController.h</string>
			<key>sourceTree</key>
			<string>&lt;group&gt;</string>
		</dict>
		<key>D201C0BF18CBEB9F0081446C</key>
		<dict>
			<key>fileEncoding</key>
			<string>4</string>
			<key>isa</key>
			<string>PBXFileReference</string>
			<key>lastKnownFileType</key>
			<string>sourcecode.c.objc</string>
			<key>path</key>
			<string>MobSyncNavigationController.m</string>
			<key>sourceTree</key>
			<string>&lt;group&gt;</string>
		</dict>
		<key>D201C0C018CBEB9F0081446C</key>
		<dict>
			<key>fileRef</key>
			<string>D201C0BF18CBEB9F0081446C</string>
			<key>isa</key>
			<string>PBXBuildFile</string>
		</dict>
		<key>D201C0C118CC537C0081446C</key>
		<dict>
			<key>fileEncoding</key>
			<string>4</string>
			<key>isa</key>
			<string>PBXFileReference</string>
			<key>lastKnownFileType</key>
			<string>sourcecode.c.h</string>
			<key>path</key>
			<string>User.h</string>
			<key>sourceTree</key>
			<string>&lt;group&gt;</string>
		</dict>
		<key>D201C0C218CC537C0081446C</key>
		<dict>
			<key>fileEncoding</key>
			<string>4</string>
			<key>isa</key>
			<string>PBXFileReference</string>
			<key>lastKnownFileType</key>
			<string>sourcecode.c.objc</string>
			<key>path</key>
			<string>User.m</string>
			<key>sourceTree</key>
			<string>&lt;group&gt;</string>
		</dict>
		<key>D201C0C318CC537C0081446C</key>
		<dict>
			<key>fileRef</key>
			<string>D201C0C218CC537C0081446C</string>
			<key>isa</key>
			<string>PBXBuildFile</string>
		</dict>
		<key>D24D7E2E18CE66B7006EF4D0</key>
		<dict>
			<key>fileEncoding</key>
			<string>4</string>
			<key>isa</key>
			<string>PBXFileReference</string>
			<key>lastKnownFileType</key>
			<string>sourcecode.c.h</string>
			<key>path</key>
			<string>ChooseFriendsViewController.h</string>
			<key>sourceTree</key>
			<string>&lt;group&gt;</string>
		</dict>
		<key>D24D7E2F18CE66B7006EF4D0</key>
		<dict>
			<key>fileEncoding</key>
			<string>4</string>
			<key>isa</key>
			<string>PBXFileReference</string>
			<key>lastKnownFileType</key>
			<string>sourcecode.c.objc</string>
			<key>path</key>
			<string>ChooseFriendsViewController.m</string>
			<key>sourceTree</key>
			<string>&lt;group&gt;</string>
		</dict>
		<key>D24D7E3018CE66B7006EF4D0</key>
		<dict>
			<key>fileRef</key>
			<string>D24D7E2F18CE66B7006EF4D0</string>
			<key>isa</key>
			<string>PBXBuildFile</string>
		</dict>
		<key>D29765B718BC7C1900F696EB</key>
		<dict>
			<key>children</key>
			<array>
				<string>D29765C918BC7C1900F696EB</string>
				<string>D29765E218BC7C1900F696EB</string>
				<string>D29765C218BC7C1900F696EB</string>
				<string>D29765C118BC7C1900F696EB</string>
				<string>A63788B78E1B4C919634CA05</string>
			</array>
			<key>isa</key>
			<string>PBXGroup</string>
			<key>sourceTree</key>
			<string>&lt;group&gt;</string>
		</dict>
		<key>D29765B818BC7C1900F696EB</key>
		<dict>
			<key>attributes</key>
			<dict>
				<key>LastUpgradeCheck</key>
				<string>0510</string>
				<key>ORGANIZATIONNAME</key>
				<string>PWNZONE</string>
				<key>TargetAttributes</key>
				<dict>
					<key>D29765BF18BC7C1900F696EB</key>
					<dict>
						<key>DevelopmentTeam</key>
						<string>432G6CL9N8</string>
					</dict>
					<key>D29765DA18BC7C1900F696EB</key>
					<dict>
						<key>TestTargetID</key>
						<string>D29765BF18BC7C1900F696EB</string>
					</dict>
				</dict>
			</dict>
			<key>buildConfigurationList</key>
			<string>D29765BB18BC7C1900F696EB</string>
			<key>compatibilityVersion</key>
			<string>Xcode 3.2</string>
			<key>developmentRegion</key>
			<string>English</string>
			<key>hasScannedForEncodings</key>
			<string>0</string>
			<key>isa</key>
			<string>PBXProject</string>
			<key>knownRegions</key>
			<array>
				<string>en</string>
			</array>
			<key>mainGroup</key>
			<string>D29765B718BC7C1900F696EB</string>
			<key>productRefGroup</key>
			<string>D29765C118BC7C1900F696EB</string>
			<key>projectDirPath</key>
			<string></string>
			<key>projectReferences</key>
			<array/>
			<key>projectRoot</key>
			<string></string>
			<key>targets</key>
			<array>
				<string>D29765BF18BC7C1900F696EB</string>
				<string>D29765DA18BC7C1900F696EB</string>
			</array>
		</dict>
		<key>D29765BB18BC7C1900F696EB</key>
		<dict>
			<key>buildConfigurations</key>
			<array>
				<string>D29765EA18BC7C1900F696EB</string>
				<string>D29765EB18BC7C1900F696EB</string>
			</array>
			<key>defaultConfigurationIsVisible</key>
			<string>0</string>
			<key>defaultConfigurationName</key>
			<string>Release</string>
			<key>isa</key>
			<string>XCConfigurationList</string>
		</dict>
		<key>D29765BC18BC7C1900F696EB</key>
		<dict>
			<key>buildActionMask</key>
			<string>2147483647</string>
			<key>files</key>
			<array>
				<string>0A73829318CD4D8B00F92E6A</string>
				<string>D201C0C318CC537C0081446C</string>
				<string>D297660E18BDE0C300F696EB</string>
				<string>0A7382A218CD8BFE00F92E6A</string>
				<string>0A7381CF18C2A69800F92E6A</string>
				<string>D29765D418BC7C1900F696EB</string>
				<string>D201C0C018CBEB9F0081446C</string>
				<string>0A7382A818CD943300F92E6A</string>
				<string>D201C0BA18CBE82C0081446C</string>
				<string>D297661118BDE2B600F696EB</string>
				<string>0A7382A518CD91DE00F92E6A</string>
				<string>D2A299A418CD86200085D09D</string>
				<string>0A7381CC18C2A68700F92E6A</string>
				<string>D24D7E3018CE66B7006EF4D0</string>
				<string>D297660818BDE03900F696EB</string>
				<string>0A2CECBB18CE16DE0044E20C</string>
				<string>0A73829F18CD88E600F92E6A</string>
				<string>D2A299A718CD91750085D09D</string>
				<string>D297660B18BDE0B500F696EB</string>
				<string>D201C0B418CBE3950081446C</string>
				<string>D29765D018BC7C1900F696EB</string>
				<string>0A73829018CD415000F92E6A</string>
				<string>D2A299A118CD536A0085D09D</string>
				<string>D297661418BDEFBB00F696EB</string>
				<string>0A73829C18CD867400F92E6A</string>
			</array>
			<key>isa</key>
			<string>PBXSourcesBuildPhase</string>
			<key>runOnlyForDeploymentPostprocessing</key>
			<string>0</string>
		</dict>
		<key>D29765BD18BC7C1900F696EB</key>
		<dict>
			<key>buildActionMask</key>
			<string>2147483647</string>
			<key>files</key>
			<array>
				<string>D29765C618BC7C1900F696EB</string>
				<string>D29765C818BC7C1900F696EB</string>
				<string>D29765C418BC7C1900F696EB</string>
				<string>3775BC5C144448E58D1ECD50</string>
			</array>
			<key>isa</key>
			<string>PBXFrameworksBuildPhase</string>
			<key>runOnlyForDeploymentPostprocessing</key>
			<string>0</string>
		</dict>
		<key>D29765BE18BC7C1900F696EB</key>
		<dict>
			<key>buildActionMask</key>
			<string>2147483647</string>
			<key>files</key>
			<array>
				<string>D2F5F0A218C97C7F00988340</string>
				<string>0A7381E718C2C05100F92E6A</string>
				<string>D29765F718BDD8DD00F696EB</string>
				<string>D29765CE18BC7C1900F696EB</string>
				<string>D29765D618BC7C1900F696EB</string>
				<string>0A7381D218C2A6F400F92E6A</string>
				<string>0A7381E618C2C05100F92E6A</string>
				<string>D2F5F0A318C97C7F00988340</string>
				<string>D201C0B618CBE7F80081446C</string>
				<string>D2F5F0A418C97C7F00988340</string>
				<string>0A7381D318C2A6F400F92E6A</string>
				<string>D2F5F0A118C97C7F00988340</string>
			</array>
			<key>isa</key>
			<string>PBXResourcesBuildPhase</string>
			<key>runOnlyForDeploymentPostprocessing</key>
			<string>0</string>
		</dict>
		<key>D29765BF18BC7C1900F696EB</key>
		<dict>
			<key>buildConfigurationList</key>
			<string>D29765EC18BC7C1900F696EB</string>
			<key>buildPhases</key>
			<array>
				<string>BE8DB69FF5874B2C933E7EEC</string>
				<string>D29765BC18BC7C1900F696EB</string>
				<string>D29765BD18BC7C1900F696EB</string>
				<string>D29765BE18BC7C1900F696EB</string>
				<string>3533D994DE74414AA67A823E</string>
			</array>
			<key>buildRules</key>
			<array/>
			<key>dependencies</key>
			<array/>
			<key>isa</key>
			<string>PBXNativeTarget</string>
			<key>name</key>
			<string>MobSync</string>
			<key>productName</key>
			<string>MobSync</string>
			<key>productReference</key>
			<string>D29765C018BC7C1900F696EB</string>
			<key>productType</key>
			<string>com.apple.product-type.application</string>
		</dict>
		<key>D29765C018BC7C1900F696EB</key>
		<dict>
			<key>explicitFileType</key>
			<string>wrapper.application</string>
			<key>includeInIndex</key>
			<string>0</string>
			<key>isa</key>
			<string>PBXFileReference</string>
			<key>path</key>
			<string>MobSync.app</string>
			<key>sourceTree</key>
			<string>BUILT_PRODUCTS_DIR</string>
		</dict>
		<key>D29765C118BC7C1900F696EB</key>
		<dict>
			<key>children</key>
			<array>
				<string>D29765C018BC7C1900F696EB</string>
				<string>D29765DB18BC7C1900F696EB</string>
			</array>
			<key>isa</key>
			<string>PBXGroup</string>
			<key>name</key>
			<string>Products</string>
			<key>sourceTree</key>
			<string>&lt;group&gt;</string>
		</dict>
		<key>D29765C218BC7C1900F696EB</key>
		<dict>
			<key>children</key>
			<array>
				<string>D29765C318BC7C1900F696EB</string>
				<string>D29765C518BC7C1900F696EB</string>
				<string>D29765C718BC7C1900F696EB</string>
				<string>D29765DC18BC7C1900F696EB</string>
				<string>D38E693BE514428EA6D50E24</string>
			</array>
			<key>isa</key>
			<string>PBXGroup</string>
			<key>name</key>
			<string>Frameworks</string>
			<key>sourceTree</key>
			<string>&lt;group&gt;</string>
		</dict>
		<key>D29765C318BC7C1900F696EB</key>
		<dict>
			<key>isa</key>
			<string>PBXFileReference</string>
			<key>lastKnownFileType</key>
			<string>wrapper.framework</string>
			<key>name</key>
			<string>Foundation.framework</string>
			<key>path</key>
			<string>System/Library/Frameworks/Foundation.framework</string>
			<key>sourceTree</key>
			<string>SDKROOT</string>
		</dict>
		<key>D29765C418BC7C1900F696EB</key>
		<dict>
			<key>fileRef</key>
			<string>D29765C318BC7C1900F696EB</string>
			<key>isa</key>
			<string>PBXBuildFile</string>
		</dict>
		<key>D29765C518BC7C1900F696EB</key>
		<dict>
			<key>isa</key>
			<string>PBXFileReference</string>
			<key>lastKnownFileType</key>
			<string>wrapper.framework</string>
			<key>name</key>
			<string>CoreGraphics.framework</string>
			<key>path</key>
			<string>System/Library/Frameworks/CoreGraphics.framework</string>
			<key>sourceTree</key>
			<string>SDKROOT</string>
		</dict>
		<key>D29765C618BC7C1900F696EB</key>
		<dict>
			<key>fileRef</key>
			<string>D29765C518BC7C1900F696EB</string>
			<key>isa</key>
			<string>PBXBuildFile</string>
		</dict>
		<key>D29765C718BC7C1900F696EB</key>
		<dict>
			<key>isa</key>
			<string>PBXFileReference</string>
			<key>lastKnownFileType</key>
			<string>wrapper.framework</string>
			<key>name</key>
			<string>UIKit.framework</string>
			<key>path</key>
			<string>System/Library/Frameworks/UIKit.framework</string>
			<key>sourceTree</key>
			<string>SDKROOT</string>
		</dict>
		<key>D29765C818BC7C1900F696EB</key>
		<dict>
			<key>fileRef</key>
			<string>D29765C718BC7C1900F696EB</string>
			<key>isa</key>
			<string>PBXBuildFile</string>
		</dict>
		<key>D29765C918BC7C1900F696EB</key>
		<dict>
			<key>children</key>
			<array>
				<string>D201C0B118CBE37A0081446C</string>
				<string>D29765F518BDD87D00F696EB</string>
				<string>D29765F218BDD85800F696EB</string>
				<string>D29765F318BDD86400F696EB</string>
				<string>D29765F418BDD86800F696EB</string>
				<string>D29765D218BC7C1900F696EB</string>
				<string>D29765D318BC7C1900F696EB</string>
				<string>D29765CA18BC7C1900F696EB</string>
			</array>
			<key>isa</key>
			<string>PBXGroup</string>
			<key>path</key>
			<string>MobSync</string>
			<key>sourceTree</key>
			<string>&lt;group&gt;</string>
		</dict>
		<key>D29765CA18BC7C1900F696EB</key>
		<dict>
			<key>children</key>
			<array>
				<string>D29765CB18BC7C1900F696EB</string>
				<string>D29765CC18BC7C1900F696EB</string>
				<string>D29765CF18BC7C1900F696EB</string>
				<string>D29765D118BC7C1900F696EB</string>
			</array>
			<key>isa</key>
			<string>PBXGroup</string>
			<key>name</key>
			<string>Supporting Files</string>
			<key>sourceTree</key>
			<string>&lt;group&gt;</string>
		</dict>
		<key>D29765CB18BC7C1900F696EB</key>
		<dict>
			<key>isa</key>
			<string>PBXFileReference</string>
			<key>lastKnownFileType</key>
			<string>text.plist.xml</string>
			<key>path</key>
			<string>MobSync-Info.plist</string>
			<key>sourceTree</key>
			<string>&lt;group&gt;</string>
		</dict>
		<key>D29765CC18BC7C1900F696EB</key>
		<dict>
			<key>children</key>
			<array>
				<string>D29765CD18BC7C1900F696EB</string>
			</array>
			<key>isa</key>
			<string>PBXVariantGroup</string>
			<key>name</key>
			<string>InfoPlist.strings</string>
			<key>sourceTree</key>
			<string>&lt;group&gt;</string>
		</dict>
		<key>D29765CD18BC7C1900F696EB</key>
		<dict>
			<key>isa</key>
			<string>PBXFileReference</string>
			<key>lastKnownFileType</key>
			<string>text.plist.strings</string>
			<key>name</key>
			<string>en</string>
			<key>path</key>
			<string>en.lproj/InfoPlist.strings</string>
			<key>sourceTree</key>
			<string>&lt;group&gt;</string>
		</dict>
		<key>D29765CE18BC7C1900F696EB</key>
		<dict>
			<key>fileRef</key>
			<string>D29765CC18BC7C1900F696EB</string>
			<key>isa</key>
			<string>PBXBuildFile</string>
		</dict>
		<key>D29765CF18BC7C1900F696EB</key>
		<dict>
			<key>isa</key>
			<string>PBXFileReference</string>
			<key>lastKnownFileType</key>
			<string>sourcecode.c.objc</string>
			<key>path</key>
			<string>main.m</string>
			<key>sourceTree</key>
			<string>&lt;group&gt;</string>
		</dict>
		<key>D29765D018BC7C1900F696EB</key>
		<dict>
			<key>fileRef</key>
			<string>D29765CF18BC7C1900F696EB</string>
			<key>isa</key>
			<string>PBXBuildFile</string>
		</dict>
		<key>D29765D118BC7C1900F696EB</key>
		<dict>
			<key>isa</key>
			<string>PBXFileReference</string>
			<key>lastKnownFileType</key>
			<string>sourcecode.c.h</string>
			<key>path</key>
			<string>MobSync-Prefix.pch</string>
			<key>sourceTree</key>
			<string>&lt;group&gt;</string>
		</dict>
		<key>D29765D218BC7C1900F696EB</key>
		<dict>
			<key>isa</key>
			<string>PBXFileReference</string>
			<key>lastKnownFileType</key>
			<string>sourcecode.c.h</string>
			<key>path</key>
			<string>AppDelegate.h</string>
			<key>sourceTree</key>
			<string>&lt;group&gt;</string>
		</dict>
		<key>D29765D318BC7C1900F696EB</key>
		<dict>
			<key>isa</key>
			<string>PBXFileReference</string>
			<key>lastKnownFileType</key>
			<string>sourcecode.c.objc</string>
			<key>path</key>
			<string>AppDelegate.m</string>
			<key>sourceTree</key>
			<string>&lt;group&gt;</string>
		</dict>
		<key>D29765D418BC7C1900F696EB</key>
		<dict>
			<key>fileRef</key>
			<string>D29765D318BC7C1900F696EB</string>
			<key>isa</key>
			<string>PBXBuildFile</string>
		</dict>
		<key>D29765D518BC7C1900F696EB</key>
		<dict>
			<key>isa</key>
			<string>PBXFileReference</string>
			<key>lastKnownFileType</key>
			<string>folder.assetcatalog</string>
			<key>path</key>
			<string>Images.xcassets</string>
			<key>sourceTree</key>
			<string>&lt;group&gt;</string>
		</dict>
		<key>D29765D618BC7C1900F696EB</key>
		<dict>
			<key>fileRef</key>
			<string>D29765D518BC7C1900F696EB</string>
			<key>isa</key>
			<string>PBXBuildFile</string>
		</dict>
		<key>D29765D718BC7C1900F696EB</key>
		<dict>
			<key>buildActionMask</key>
			<string>2147483647</string>
			<key>files</key>
			<array>
				<string>D29765E918BC7C1900F696EB</string>
			</array>
			<key>isa</key>
			<string>PBXSourcesBuildPhase</string>
			<key>runOnlyForDeploymentPostprocessing</key>
			<string>0</string>
		</dict>
		<key>D29765D818BC7C1900F696EB</key>
		<dict>
			<key>buildActionMask</key>
			<string>2147483647</string>
			<key>files</key>
			<array>
				<string>D29765DD18BC7C1900F696EB</string>
				<string>D29765DF18BC7C1900F696EB</string>
				<string>D29765DE18BC7C1900F696EB</string>
			</array>
			<key>isa</key>
			<string>PBXFrameworksBuildPhase</string>
			<key>runOnlyForDeploymentPostprocessing</key>
			<string>0</string>
		</dict>
		<key>D29765D918BC7C1900F696EB</key>
		<dict>
			<key>buildActionMask</key>
			<string>2147483647</string>
			<key>files</key>
			<array>
				<string>D29765E718BC7C1900F696EB</string>
			</array>
			<key>isa</key>
			<string>PBXResourcesBuildPhase</string>
			<key>runOnlyForDeploymentPostprocessing</key>
			<string>0</string>
		</dict>
		<key>D29765DA18BC7C1900F696EB</key>
		<dict>
			<key>buildConfigurationList</key>
			<string>D29765EF18BC7C1900F696EB</string>
			<key>buildPhases</key>
			<array>
				<string>D29765D718BC7C1900F696EB</string>
				<string>D29765D818BC7C1900F696EB</string>
				<string>D29765D918BC7C1900F696EB</string>
			</array>
			<key>buildRules</key>
			<array/>
			<key>dependencies</key>
			<array>
				<string>D29765E118BC7C1900F696EB</string>
			</array>
			<key>isa</key>
			<string>PBXNativeTarget</string>
			<key>name</key>
			<string>MobSyncTests</string>
			<key>productName</key>
			<string>MobSyncTests</string>
			<key>productReference</key>
			<string>D29765DB18BC7C1900F696EB</string>
			<key>productType</key>
			<string>com.apple.product-type.bundle.unit-test</string>
		</dict>
		<key>D29765DB18BC7C1900F696EB</key>
		<dict>
			<key>explicitFileType</key>
			<string>wrapper.cfbundle</string>
			<key>includeInIndex</key>
			<string>0</string>
			<key>isa</key>
			<string>PBXFileReference</string>
			<key>path</key>
			<string>MobSyncTests.xctest</string>
			<key>sourceTree</key>
			<string>BUILT_PRODUCTS_DIR</string>
		</dict>
		<key>D29765DC18BC7C1900F696EB</key>
		<dict>
			<key>isa</key>
			<string>PBXFileReference</string>
			<key>lastKnownFileType</key>
			<string>wrapper.framework</string>
			<key>name</key>
			<string>XCTest.framework</string>
			<key>path</key>
			<string>Library/Frameworks/XCTest.framework</string>
			<key>sourceTree</key>
			<string>DEVELOPER_DIR</string>
		</dict>
		<key>D29765DD18BC7C1900F696EB</key>
		<dict>
			<key>fileRef</key>
			<string>D29765DC18BC7C1900F696EB</string>
			<key>isa</key>
			<string>PBXBuildFile</string>
		</dict>
		<key>D29765DE18BC7C1900F696EB</key>
		<dict>
			<key>fileRef</key>
			<string>D29765C318BC7C1900F696EB</string>
			<key>isa</key>
			<string>PBXBuildFile</string>
		</dict>
		<key>D29765DF18BC7C1900F696EB</key>
		<dict>
			<key>fileRef</key>
			<string>D29765C718BC7C1900F696EB</string>
			<key>isa</key>
			<string>PBXBuildFile</string>
		</dict>
		<key>D29765E018BC7C1900F696EB</key>
		<dict>
			<key>containerPortal</key>
			<string>D29765B818BC7C1900F696EB</string>
			<key>isa</key>
			<string>PBXContainerItemProxy</string>
			<key>proxyType</key>
			<string>1</string>
			<key>remoteGlobalIDString</key>
			<string>D29765BF18BC7C1900F696EB</string>
			<key>remoteInfo</key>
			<string>MobSync</string>
		</dict>
		<key>D29765E118BC7C1900F696EB</key>
		<dict>
			<key>isa</key>
			<string>PBXTargetDependency</string>
			<key>target</key>
			<string>D29765BF18BC7C1900F696EB</string>
			<key>targetProxy</key>
			<string>D29765E018BC7C1900F696EB</string>
		</dict>
		<key>D29765E218BC7C1900F696EB</key>
		<dict>
			<key>children</key>
			<array>
				<string>D29765E818BC7C1900F696EB</string>
				<string>D29765E318BC7C1900F696EB</string>
			</array>
			<key>isa</key>
			<string>PBXGroup</string>
			<key>path</key>
			<string>MobSyncTests</string>
			<key>sourceTree</key>
			<string>&lt;group&gt;</string>
		</dict>
		<key>D29765E318BC7C1900F696EB</key>
		<dict>
			<key>children</key>
			<array>
				<string>D29765E418BC7C1900F696EB</string>
				<string>D29765E518BC7C1900F696EB</string>
			</array>
			<key>isa</key>
			<string>PBXGroup</string>
			<key>name</key>
			<string>Supporting Files</string>
			<key>sourceTree</key>
			<string>&lt;group&gt;</string>
		</dict>
		<key>D29765E418BC7C1900F696EB</key>
		<dict>
			<key>isa</key>
			<string>PBXFileReference</string>
			<key>lastKnownFileType</key>
			<string>text.plist.xml</string>
			<key>path</key>
			<string>MobSyncTests-Info.plist</string>
			<key>sourceTree</key>
			<string>&lt;group&gt;</string>
		</dict>
		<key>D29765E518BC7C1900F696EB</key>
		<dict>
			<key>children</key>
			<array>
				<string>D29765E618BC7C1900F696EB</string>
			</array>
			<key>isa</key>
			<string>PBXVariantGroup</string>
			<key>name</key>
			<string>InfoPlist.strings</string>
			<key>sourceTree</key>
			<string>&lt;group&gt;</string>
		</dict>
		<key>D29765E618BC7C1900F696EB</key>
		<dict>
			<key>isa</key>
			<string>PBXFileReference</string>
			<key>lastKnownFileType</key>
			<string>text.plist.strings</string>
			<key>name</key>
			<string>en</string>
			<key>path</key>
			<string>en.lproj/InfoPlist.strings</string>
			<key>sourceTree</key>
			<string>&lt;group&gt;</string>
		</dict>
		<key>D29765E718BC7C1900F696EB</key>
		<dict>
			<key>fileRef</key>
			<string>D29765E518BC7C1900F696EB</string>
			<key>isa</key>
			<string>PBXBuildFile</string>
		</dict>
		<key>D29765E818BC7C1900F696EB</key>
		<dict>
			<key>isa</key>
			<string>PBXFileReference</string>
			<key>lastKnownFileType</key>
			<string>sourcecode.c.objc</string>
			<key>path</key>
			<string>MobSyncTests.m</string>
			<key>sourceTree</key>
			<string>&lt;group&gt;</string>
		</dict>
		<key>D29765E918BC7C1900F696EB</key>
		<dict>
			<key>fileRef</key>
			<string>D29765E818BC7C1900F696EB</string>
			<key>isa</key>
			<string>PBXBuildFile</string>
		</dict>
		<key>D29765EA18BC7C1900F696EB</key>
		<dict>
			<key>buildSettings</key>
			<dict>
				<key>ALWAYS_SEARCH_USER_PATHS</key>
				<string>NO</string>
				<key>CLANG_CXX_LANGUAGE_STANDARD</key>
				<string>gnu++0x</string>
				<key>CLANG_CXX_LIBRARY</key>
				<string>libc++</string>
				<key>CLANG_ENABLE_MODULES</key>
				<string>YES</string>
				<key>CLANG_ENABLE_OBJC_ARC</key>
				<string>YES</string>
				<key>CLANG_WARN_BOOL_CONVERSION</key>
				<string>YES</string>
				<key>CLANG_WARN_CONSTANT_CONVERSION</key>
				<string>YES</string>
				<key>CLANG_WARN_DIRECT_OBJC_ISA_USAGE</key>
				<string>YES_ERROR</string>
				<key>CLANG_WARN_EMPTY_BODY</key>
				<string>YES</string>
				<key>CLANG_WARN_ENUM_CONVERSION</key>
				<string>YES</string>
				<key>CLANG_WARN_INT_CONVERSION</key>
				<string>YES</string>
				<key>CLANG_WARN_OBJC_ROOT_CLASS</key>
				<string>YES_ERROR</string>
				<key>CLANG_WARN__DUPLICATE_METHOD_MATCH</key>
				<string>YES</string>
				<key>CODE_SIGN_IDENTITY[sdk=iphoneos*]</key>
				<string>iPhone Developer</string>
				<key>COPY_PHASE_STRIP</key>
				<string>NO</string>
				<key>GCC_C_LANGUAGE_STANDARD</key>
				<string>gnu99</string>
				<key>GCC_DYNAMIC_NO_PIC</key>
				<string>NO</string>
				<key>GCC_OPTIMIZATION_LEVEL</key>
				<string>0</string>
				<key>GCC_PREPROCESSOR_DEFINITIONS</key>
				<array>
					<string>DEBUG=1</string>
					<string>$(inherited)</string>
				</array>
				<key>GCC_SYMBOLS_PRIVATE_EXTERN</key>
				<string>NO</string>
				<key>GCC_WARN_64_TO_32_BIT_CONVERSION</key>
				<string>YES</string>
				<key>GCC_WARN_ABOUT_RETURN_TYPE</key>
				<string>YES_ERROR</string>
				<key>GCC_WARN_UNDECLARED_SELECTOR</key>
				<string>YES</string>
				<key>GCC_WARN_UNINITIALIZED_AUTOS</key>
				<string>YES</string>
				<key>GCC_WARN_UNUSED_FUNCTION</key>
				<string>YES</string>
				<key>GCC_WARN_UNUSED_VARIABLE</key>
				<string>YES</string>
				<key>IPHONEOS_DEPLOYMENT_TARGET</key>
				<string>7.0</string>
				<key>ONLY_ACTIVE_ARCH</key>
				<string>YES</string>
				<key>SDKROOT</key>
				<string>iphoneos</string>
			</dict>
			<key>isa</key>
			<string>XCBuildConfiguration</string>
			<key>name</key>
			<string>Debug</string>
		</dict>
		<key>D29765EB18BC7C1900F696EB</key>
		<dict>
			<key>buildSettings</key>
			<dict>
				<key>ALWAYS_SEARCH_USER_PATHS</key>
				<string>NO</string>
				<key>CLANG_CXX_LANGUAGE_STANDARD</key>
				<string>gnu++0x</string>
				<key>CLANG_CXX_LIBRARY</key>
				<string>libc++</string>
				<key>CLANG_ENABLE_MODULES</key>
				<string>YES</string>
				<key>CLANG_ENABLE_OBJC_ARC</key>
				<string>YES</string>
				<key>CLANG_WARN_BOOL_CONVERSION</key>
				<string>YES</string>
				<key>CLANG_WARN_CONSTANT_CONVERSION</key>
				<string>YES</string>
				<key>CLANG_WARN_DIRECT_OBJC_ISA_USAGE</key>
				<string>YES_ERROR</string>
				<key>CLANG_WARN_EMPTY_BODY</key>
				<string>YES</string>
				<key>CLANG_WARN_ENUM_CONVERSION</key>
				<string>YES</string>
				<key>CLANG_WARN_INT_CONVERSION</key>
				<string>YES</string>
				<key>CLANG_WARN_OBJC_ROOT_CLASS</key>
				<string>YES_ERROR</string>
				<key>CLANG_WARN__DUPLICATE_METHOD_MATCH</key>
				<string>YES</string>
				<key>CODE_SIGN_IDENTITY[sdk=iphoneos*]</key>
				<string>iPhone Developer</string>
				<key>COPY_PHASE_STRIP</key>
				<string>YES</string>
				<key>ENABLE_NS_ASSERTIONS</key>
				<string>NO</string>
				<key>GCC_C_LANGUAGE_STANDARD</key>
				<string>gnu99</string>
				<key>GCC_WARN_64_TO_32_BIT_CONVERSION</key>
				<string>YES</string>
				<key>GCC_WARN_ABOUT_RETURN_TYPE</key>
				<string>YES_ERROR</string>
				<key>GCC_WARN_UNDECLARED_SELECTOR</key>
				<string>YES</string>
				<key>GCC_WARN_UNINITIALIZED_AUTOS</key>
				<string>YES</string>
				<key>GCC_WARN_UNUSED_FUNCTION</key>
				<string>YES</string>
				<key>GCC_WARN_UNUSED_VARIABLE</key>
				<string>YES</string>
				<key>IPHONEOS_DEPLOYMENT_TARGET</key>
				<string>7.0</string>
				<key>SDKROOT</key>
				<string>iphoneos</string>
				<key>VALIDATE_PRODUCT</key>
				<string>YES</string>
			</dict>
			<key>isa</key>
			<string>XCBuildConfiguration</string>
			<key>name</key>
			<string>Release</string>
		</dict>
		<key>D29765EC18BC7C1900F696EB</key>
		<dict>
			<key>buildConfigurations</key>
			<array>
				<string>D29765ED18BC7C1900F696EB</string>
				<string>D29765EE18BC7C1900F696EB</string>
			</array>
			<key>defaultConfigurationIsVisible</key>
			<string>0</string>
			<key>defaultConfigurationName</key>
			<string>Release</string>
			<key>isa</key>
			<string>XCConfigurationList</string>
		</dict>
		<key>D29765ED18BC7C1900F696EB</key>
		<dict>
			<key>baseConfigurationReference</key>
			<string>A63788B78E1B4C919634CA05</string>
			<key>buildSettings</key>
			<dict>
				<key>ASSETCATALOG_COMPILER_APPICON_NAME</key>
				<string>AppIcon</string>
				<key>ASSETCATALOG_COMPILER_LAUNCHIMAGE_NAME</key>
				<string>LaunchImage</string>
				<key>CODE_SIGN_IDENTITY</key>
				<string>iPhone Developer</string>
				<key>CODE_SIGN_IDENTITY[sdk=iphoneos*]</key>
				<string>iPhone Developer</string>
				<key>GCC_PRECOMPILE_PREFIX_HEADER</key>
				<string>YES</string>
				<key>GCC_PREFIX_HEADER</key>
				<string>MobSync/MobSync-Prefix.pch</string>
				<key>INFOPLIST_FILE</key>
				<string>MobSync/MobSync-Info.plist</string>
				<key>IPHONEOS_DEPLOYMENT_TARGET</key>
				<string>6.1</string>
				<key>PRODUCT_NAME</key>
				<string>$(TARGET_NAME)</string>
				<key>PROVISIONING_PROFILE</key>
				<string>D3591597-CE0A-4F79-A72C-7DB45A6D1718</string>
				<key>WRAPPER_EXTENSION</key>
				<string>app</string>
			</dict>
			<key>isa</key>
			<string>XCBuildConfiguration</string>
			<key>name</key>
			<string>Debug</string>
		</dict>
		<key>D29765EE18BC7C1900F696EB</key>
		<dict>
			<key>baseConfigurationReference</key>
			<string>A63788B78E1B4C919634CA05</string>
			<key>buildSettings</key>
			<dict>
				<key>ASSETCATALOG_COMPILER_APPICON_NAME</key>
				<string>AppIcon</string>
				<key>ASSETCATALOG_COMPILER_LAUNCHIMAGE_NAME</key>
				<string>LaunchImage</string>
				<key>CODE_SIGN_IDENTITY</key>
				<string>iPhone Developer</string>
				<key>CODE_SIGN_IDENTITY[sdk=iphoneos*]</key>
				<string>iPhone Developer</string>
				<key>GCC_PRECOMPILE_PREFIX_HEADER</key>
				<string>YES</string>
				<key>GCC_PREFIX_HEADER</key>
				<string>MobSync/MobSync-Prefix.pch</string>
				<key>INFOPLIST_FILE</key>
				<string>MobSync/MobSync-Info.plist</string>
				<key>IPHONEOS_DEPLOYMENT_TARGET</key>
				<string>6.1</string>
				<key>PRODUCT_NAME</key>
				<string>$(TARGET_NAME)</string>
				<key>PROVISIONING_PROFILE</key>
				<string>D3591597-CE0A-4F79-A72C-7DB45A6D1718</string>
				<key>WRAPPER_EXTENSION</key>
				<string>app</string>
			</dict>
			<key>isa</key>
			<string>XCBuildConfiguration</string>
			<key>name</key>
			<string>Release</string>
		</dict>
		<key>D29765EF18BC7C1900F696EB</key>
		<dict>
			<key>buildConfigurations</key>
			<array>
				<string>D29765F018BC7C1900F696EB</string>
				<string>D29765F118BC7C1900F696EB</string>
			</array>
			<key>defaultConfigurationIsVisible</key>
			<string>0</string>
			<key>defaultConfigurationName</key>
			<string>Release</string>
			<key>isa</key>
			<string>XCConfigurationList</string>
		</dict>
		<key>D29765F018BC7C1900F696EB</key>
		<dict>
			<key>buildSettings</key>
			<dict>
				<key>BUNDLE_LOADER</key>
				<string>$(BUILT_PRODUCTS_DIR)/MobSync.app/MobSync</string>
				<key>FRAMEWORK_SEARCH_PATHS</key>
				<array>
					<string>$(SDKROOT)/Developer/Library/Frameworks</string>
					<string>$(inherited)</string>
					<string>$(DEVELOPER_FRAMEWORKS_DIR)</string>
				</array>
				<key>GCC_PRECOMPILE_PREFIX_HEADER</key>
				<string>YES</string>
				<key>GCC_PREFIX_HEADER</key>
				<string>MobSync/MobSync-Prefix.pch</string>
				<key>GCC_PREPROCESSOR_DEFINITIONS</key>
				<array>
					<string>DEBUG=1</string>
					<string>$(inherited)</string>
				</array>
				<key>INFOPLIST_FILE</key>
				<string>MobSyncTests/MobSyncTests-Info.plist</string>
				<key>PRODUCT_NAME</key>
				<string>$(TARGET_NAME)</string>
				<key>TEST_HOST</key>
				<string>$(BUNDLE_LOADER)</string>
				<key>WRAPPER_EXTENSION</key>
				<string>xctest</string>
			</dict>
			<key>isa</key>
			<string>XCBuildConfiguration</string>
			<key>name</key>
			<string>Debug</string>
		</dict>
		<key>D29765F118BC7C1900F696EB</key>
		<dict>
			<key>buildSettings</key>
			<dict>
				<key>BUNDLE_LOADER</key>
				<string>$(BUILT_PRODUCTS_DIR)/MobSync.app/MobSync</string>
				<key>FRAMEWORK_SEARCH_PATHS</key>
				<array>
					<string>$(SDKROOT)/Developer/Library/Frameworks</string>
					<string>$(inherited)</string>
					<string>$(DEVELOPER_FRAMEWORKS_DIR)</string>
				</array>
				<key>GCC_PRECOMPILE_PREFIX_HEADER</key>
				<string>YES</string>
				<key>GCC_PREFIX_HEADER</key>
				<string>MobSync/MobSync-Prefix.pch</string>
				<key>INFOPLIST_FILE</key>
				<string>MobSyncTests/MobSyncTests-Info.plist</string>
				<key>PRODUCT_NAME</key>
				<string>$(TARGET_NAME)</string>
				<key>TEST_HOST</key>
				<string>$(BUNDLE_LOADER)</string>
				<key>WRAPPER_EXTENSION</key>
				<string>xctest</string>
			</dict>
			<key>isa</key>
			<string>XCBuildConfiguration</string>
			<key>name</key>
			<string>Release</string>
		</dict>
		<key>D29765F218BDD85800F696EB</key>
		<dict>
			<key>children</key>
			<array>
				<string>D297660C18BDE0C300F696EB</string>
				<string>D297660D18BDE0C300F696EB</string>
				<string>D297660918BDE0B500F696EB</string>
				<string>D297660A18BDE0B500F696EB</string>
				<string>D201C0C118CC537C0081446C</string>
				<string>D201C0C218CC537C0081446C</string>
				<string>0A73828E18CD415000F92E6A</string>
				<string>0A73828F18CD415000F92E6A</string>
				<string>0A73829A18CD867400F92E6A</string>
				<string>0A73829B18CD867400F92E6A</string>
				<string>0A7382A618CD943300F92E6A</string>
				<string>0A7382A718CD943300F92E6A</string>
				<string>0A7382A018CD8BFE00F92E6A</string>
				<string>0A7382A118CD8BFE00F92E6A</string>
				<string>0A7382A318CD91DE00F92E6A</string>
				<string>0A7382A418CD91DE00F92E6A</string>
			</array>
			<key>isa</key>
			<string>PBXGroup</string>
			<key>name</key>
			<string>Models</string>
			<key>sourceTree</key>
			<string>&lt;group&gt;</string>
		</dict>
		<key>D29765F318BDD86400F696EB</key>
		<dict>
			<key>children</key>
			<array>
				<string>D29765F618BDD8DD00F696EB</string>
				<string>D201C0B518CBE7F80081446C</string>
			</array>
			<key>isa</key>
			<string>PBXGroup</string>
			<key>name</key>
			<string>Views</string>
			<key>sourceTree</key>
			<string>&lt;group&gt;</string>
		</dict>
		<key>D29765F418BDD86800F696EB</key>
		<dict>
			<key>children</key>
			<array>
				<string>D201C0B718CBE8100081446C</string>
				<string>D297660118BDDE2B00F696EB</string>
				<string>D297660018BDDE2100F696EB</string>
				<string>D297660218BDDE3400F696EB</string>
				<string>D29765FF18BDDE1300F696EB</string>
				<string>D201C0B018CBE33B0081446C</string>
			</array>
			<key>isa</key>
			<string>PBXGroup</string>
			<key>name</key>
			<string>Controllers</string>
			<key>sourceTree</key>
			<string>&lt;group&gt;</string>
		</dict>
		<key>D29765F518BDD87D00F696EB</key>
		<dict>
			<key>children</key>
			<array>
				<string>D2F5F09D18C97C7F00988340</string>
				<string>D2F5F09E18C97C7F00988340</string>
				<string>D2F5F09F18C97C7F00988340</string>
				<string>D2F5F0A018C97C7F00988340</string>
				<string>0A7381E418C2C05100F92E6A</string>
				<string>0A7381E518C2C05100F92E6A</string>
				<string>0A7381D018C2A6F400F92E6A</string>
				<string>0A7381D118C2A6F400F92E6A</string>
				<string>D29765D518BC7C1900F696EB</string>
			</array>
			<key>isa</key>
			<string>PBXGroup</string>
			<key>name</key>
			<string>Assets</string>
			<key>sourceTree</key>
			<string>&lt;group&gt;</string>
		</dict>
		<key>D29765F618BDD8DD00F696EB</key>
		<dict>
			<key>fileEncoding</key>
			<string>4</string>
			<key>isa</key>
			<string>PBXFileReference</string>
			<key>lastKnownFileType</key>
			<string>file.storyboard</string>
			<key>path</key>
			<string>MainStoryboard.storyboard</string>
			<key>sourceTree</key>
			<string>&lt;group&gt;</string>
		</dict>
		<key>D29765F718BDD8DD00F696EB</key>
		<dict>
			<key>fileRef</key>
			<string>D29765F618BDD8DD00F696EB</string>
			<key>isa</key>
			<string>PBXBuildFile</string>
		</dict>
		<key>D29765FF18BDDE1300F696EB</key>
		<dict>
			<key>children</key>
			<array/>
			<key>isa</key>
			<string>PBXGroup</string>
			<key>name</key>
			<string>Settings</string>
			<key>sourceTree</key>
			<string>&lt;group&gt;</string>
		</dict>
		<key>D297660018BDDE2100F696EB</key>
		<dict>
			<key>children</key>
			<array>
				<string>D297660618BDE03900F696EB</string>
				<string>D297660718BDE03900F696EB</string>
				<string>D297660F18BDE2B600F696EB</string>
				<string>D297661018BDE2B600F696EB</string>
				<string>D297661218BDEFBB00F696EB</string>
				<string>D297661318BDEFBB00F696EB</string>
			</array>
			<key>isa</key>
			<string>PBXGroup</string>
			<key>name</key>
			<string>Activity</string>
			<key>sourceTree</key>
			<string>&lt;group&gt;</string>
		</dict>
		<key>D297660118BDDE2B00F696EB</key>
		<dict>
			<key>children</key>
			<array>
				<string>0A7381CA18C2A68700F92E6A</string>
				<string>0A7381CB18C2A68700F92E6A</string>
				<string>0A7381CD18C2A69800F92E6A</string>
				<string>0A7381CE18C2A69800F92E6A</string>
				<string>D24D7E2E18CE66B7006EF4D0</string>
				<string>D24D7E2F18CE66B7006EF4D0</string>
				<string>D2A2999F18CD536A0085D09D</string>
				<string>D2A299A018CD536A0085D09D</string>
			</array>
			<key>isa</key>
			<string>PBXGroup</string>
			<key>name</key>
			<string>Mob</string>
			<key>sourceTree</key>
			<string>&lt;group&gt;</string>
		</dict>
		<key>D297660218BDDE3400F696EB</key>
		<dict>
			<key>children</key>
			<array>
				<string>0A73829118CD4D8B00F92E6A</string>
				<string>0A73829218CD4D8B00F92E6A</string>
				<string>0A73829D18CD88E600F92E6A</string>
				<string>0A73829E18CD88E600F92E6A</string>
				<string>0A2CECB918CE16DE0044E20C</string>
				<string>0A2CECBA18CE16DE0044E20C</string>
			</array>
			<key>isa</key>
			<string>PBXGroup</string>
			<key>name</key>
			<string>Friends</string>
			<key>sourceTree</key>
			<string>&lt;group&gt;</string>
		</dict>
		<key>D297660618BDE03900F696EB</key>
		<dict>
			<key>fileEncoding</key>
			<string>4</string>
			<key>isa</key>
			<string>PBXFileReference</string>
			<key>lastKnownFileType</key>
			<string>sourcecode.c.h</string>
			<key>path</key>
			<string>ActivityTableViewController.h</string>
			<key>sourceTree</key>
			<string>&lt;group&gt;</string>
		</dict>
		<key>D297660718BDE03900F696EB</key>
		<dict>
			<key>fileEncoding</key>
			<string>4</string>
			<key>isa</key>
			<string>PBXFileReference</string>
			<key>lastKnownFileType</key>
			<string>sourcecode.c.objc</string>
			<key>path</key>
			<string>ActivityTableViewController.m</string>
			<key>sourceTree</key>
			<string>&lt;group&gt;</string>
		</dict>
		<key>D297660818BDE03900F696EB</key>
		<dict>
			<key>fileRef</key>
			<string>D297660718BDE03900F696EB</string>
			<key>isa</key>
			<string>PBXBuildFile</string>
		</dict>
		<key>D297660918BDE0B500F696EB</key>
		<dict>
			<key>fileEncoding</key>
			<string>4</string>
			<key>isa</key>
			<string>PBXFileReference</string>
			<key>lastKnownFileType</key>
			<string>sourcecode.c.h</string>
			<key>path</key>
			<string>Mob.h</string>
			<key>sourceTree</key>
			<string>&lt;group&gt;</string>
		</dict>
		<key>D297660A18BDE0B500F696EB</key>
		<dict>
			<key>fileEncoding</key>
			<string>4</string>
			<key>isa</key>
			<string>PBXFileReference</string>
			<key>lastKnownFileType</key>
			<string>sourcecode.c.objc</string>
			<key>path</key>
			<string>Mob.m</string>
			<key>sourceTree</key>
			<string>&lt;group&gt;</string>
		</dict>
		<key>D297660B18BDE0B500F696EB</key>
		<dict>
			<key>fileRef</key>
			<string>D297660A18BDE0B500F696EB</string>
			<key>isa</key>
			<string>PBXBuildFile</string>
		</dict>
		<key>D297660C18BDE0C300F696EB</key>
		<dict>
			<key>fileEncoding</key>
			<string>4</string>
			<key>isa</key>
			<string>PBXFileReference</string>
			<key>lastKnownFileType</key>
			<string>sourcecode.c.h</string>
			<key>path</key>
			<string>Mobs.h</string>
			<key>sourceTree</key>
			<string>&lt;group&gt;</string>
		</dict>
		<key>D297660D18BDE0C300F696EB</key>
		<dict>
			<key>fileEncoding</key>
			<string>4</string>
			<key>isa</key>
			<string>PBXFileReference</string>
			<key>lastKnownFileType</key>
			<string>sourcecode.c.objc</string>
			<key>path</key>
			<string>Mobs.m</string>
			<key>sourceTree</key>
			<string>&lt;group&gt;</string>
		</dict>
		<key>D297660E18BDE0C300F696EB</key>
		<dict>
			<key>fileRef</key>
			<string>D297660D18BDE0C300F696EB</string>
			<key>isa</key>
			<string>PBXBuildFile</string>
		</dict>
		<key>D297660F18BDE2B600F696EB</key>
		<dict>
			<key>fileEncoding</key>
			<string>4</string>
			<key>isa</key>
			<string>PBXFileReference</string>
			<key>lastKnownFileType</key>
			<string>sourcecode.c.h</string>
			<key>path</key>
			<string>ActivityTableViewCell.h</string>
			<key>sourceTree</key>
			<string>&lt;group&gt;</string>
		</dict>
		<key>D297661018BDE2B600F696EB</key>
		<dict>
			<key>fileEncoding</key>
			<string>4</string>
			<key>isa</key>
			<string>PBXFileReference</string>
			<key>lastKnownFileType</key>
			<string>sourcecode.c.objc</string>
			<key>path</key>
			<string>ActivityTableViewCell.m</string>
			<key>sourceTree</key>
			<string>&lt;group&gt;</string>
		</dict>
		<key>D297661118BDE2B600F696EB</key>
		<dict>
			<key>fileRef</key>
			<string>D297661018BDE2B600F696EB</string>
			<key>isa</key>
			<string>PBXBuildFile</string>
		</dict>
		<key>D297661218BDEFBB00F696EB</key>
		<dict>
			<key>fileEncoding</key>
			<string>4</string>
			<key>isa</key>
			<string>PBXFileReference</string>
			<key>lastKnownFileType</key>
			<string>sourcecode.c.h</string>
			<key>path</key>
			<string>ActivityDetailViewController.h</string>
			<key>sourceTree</key>
			<string>&lt;group&gt;</string>
		</dict>
		<key>D297661318BDEFBB00F696EB</key>
		<dict>
			<key>fileEncoding</key>
			<string>4</string>
			<key>isa</key>
			<string>PBXFileReference</string>
			<key>lastKnownFileType</key>
			<string>sourcecode.c.objc</string>
			<key>path</key>
			<string>ActivityDetailViewController.m</string>
			<key>sourceTree</key>
			<string>&lt;group&gt;</string>
		</dict>
		<key>D297661418BDEFBB00F696EB</key>
		<dict>
			<key>fileRef</key>
			<string>D297661318BDEFBB00F696EB</string>
			<key>isa</key>
			<string>PBXBuildFile</string>
		</dict>
		<key>D2A2999F18CD536A0085D09D</key>
		<dict>
			<key>fileEncoding</key>
			<string>4</string>
			<key>isa</key>
			<string>PBXFileReference</string>
			<key>lastKnownFileType</key>
			<string>sourcecode.c.h</string>
			<key>path</key>
			<string>MobSyncViewController.h</string>
			<key>sourceTree</key>
			<string>&lt;group&gt;</string>
		</dict>
		<key>D2A299A018CD536A0085D09D</key>
		<dict>
			<key>fileEncoding</key>
			<string>4</string>
			<key>isa</key>
			<string>PBXFileReference</string>
			<key>lastKnownFileType</key>
			<string>sourcecode.c.objc</string>
			<key>path</key>
			<string>MobSyncViewController.m</string>
			<key>sourceTree</key>
			<string>&lt;group&gt;</string>
		</dict>
		<key>D2A299A118CD536A0085D09D</key>
		<dict>
			<key>fileRef</key>
			<string>D2A299A018CD536A0085D09D</string>
			<key>isa</key>
			<string>PBXBuildFile</string>
		</dict>
		<key>D2A299A218CD86200085D09D</key>
		<dict>
			<key>fileEncoding</key>
			<string>4</string>
			<key>isa</key>
			<string>PBXFileReference</string>
			<key>lastKnownFileType</key>
			<string>sourcecode.c.h</string>
			<key>path</key>
			<string>NewMobAlertView.h</string>
			<key>sourceTree</key>
			<string>&lt;group&gt;</string>
		</dict>
		<key>D2A299A318CD86200085D09D</key>
		<dict>
			<key>fileEncoding</key>
			<string>4</string>
			<key>isa</key>
			<string>PBXFileReference</string>
			<key>lastKnownFileType</key>
			<string>sourcecode.c.objc</string>
			<key>path</key>
			<string>NewMobAlertView.m</string>
			<key>sourceTree</key>
			<string>&lt;group&gt;</string>
		</dict>
		<key>D2A299A418CD86200085D09D</key>
		<dict>
			<key>fileRef</key>
			<string>D2A299A318CD86200085D09D</string>
			<key>isa</key>
			<string>PBXBuildFile</string>
		</dict>
		<key>D2A299A518CD91750085D09D</key>
		<dict>
			<key>fileEncoding</key>
			<string>4</string>
			<key>isa</key>
			<string>PBXFileReference</string>
			<key>lastKnownFileType</key>
			<string>sourcecode.c.h</string>
			<key>path</key>
			<string>MobSyncServer.h</string>
			<key>sourceTree</key>
			<string>&lt;group&gt;</string>
		</dict>
		<key>D2A299A618CD91750085D09D</key>
		<dict>
			<key>fileEncoding</key>
			<string>4</string>
			<key>isa</key>
			<string>PBXFileReference</string>
			<key>lastKnownFileType</key>
			<string>sourcecode.c.objc</string>
			<key>path</key>
			<string>MobSyncServer.m</string>
			<key>sourceTree</key>
			<string>&lt;group&gt;</string>
		</dict>
		<key>D2A299A718CD91750085D09D</key>
		<dict>
			<key>fileRef</key>
			<string>D2A299A618CD91750085D09D</string>
			<key>isa</key>
			<string>PBXBuildFile</string>
		</dict>
		<key>D2F5F09D18C97C7F00988340</key>
		<dict>
			<key>isa</key>
			<string>PBXFileReference</string>
			<key>lastKnownFileType</key>
			<string>image.png</string>
			<key>path</key>
			<string>Contact@2x.png</string>
			<key>sourceTree</key>
			<string>&lt;group&gt;</string>
		</dict>
		<key>D2F5F09E18C97C7F00988340</key>
		<dict>
			<key>isa</key>
			<string>PBXFileReference</string>
			<key>lastKnownFileType</key>
			<string>image.png</string>
			<key>path</key>
			<string>More@2x.png</string>
			<key>sourceTree</key>
			<string>&lt;group&gt;</string>
		</dict>
		<key>D2F5F09F18C97C7F00988340</key>
		<dict>
			<key>isa</key>
			<string>PBXFileReference</string>
			<key>lastKnownFileType</key>
			<string>image.png</string>
			<key>path</key>
			<string>Recents@2x.png</string>
			<key>sourceTree</key>
			<string>&lt;group&gt;</string>
		</dict>
		<key>D2F5F0A018C97C7F00988340</key>
		<dict>
			<key>isa</key>
			<string>PBXFileReference</string>
			<key>lastKnownFileType</key>
			<string>image.png</string>
			<key>path</key>
			<string>Syncing@2x.png</string>
			<key>sourceTree</key>
			<string>&lt;group&gt;</string>
		</dict>
		<key>D2F5F0A118C97C7F00988340</key>
		<dict>
			<key>fileRef</key>
			<string>D2F5F09D18C97C7F00988340</string>
			<key>isa</key>
			<string>PBXBuildFile</string>
		</dict>
		<key>D2F5F0A218C97C7F00988340</key>
		<dict>
			<key>fileRef</key>
			<string>D2F5F09E18C97C7F00988340</string>
			<key>isa</key>
			<string>PBXBuildFile</string>
		</dict>
		<key>D2F5F0A318C97C7F00988340</key>
		<dict>
			<key>fileRef</key>
			<string>D2F5F09F18C97C7F00988340</string>
			<key>isa</key>
			<string>PBXBuildFile</string>
		</dict>
		<key>D2F5F0A418C97C7F00988340</key>
		<dict>
			<key>fileRef</key>
			<string>D2F5F0A018C97C7F00988340</string>
			<key>isa</key>
			<string>PBXBuildFile</string>
		</dict>
		<key>D38E693BE514428EA6D50E24</key>
		<dict>
			<key>explicitFileType</key>
			<string>archive.ar</string>
			<key>includeInIndex</key>
			<string>0</string>
			<key>isa</key>
			<string>PBXFileReference</string>
			<key>path</key>
			<string>libPods.a</string>
			<key>sourceTree</key>
			<string>BUILT_PRODUCTS_DIR</string>
		</dict>
	</dict>
	<key>rootObject</key>
	<string>D29765B818BC7C1900F696EB</string>
</dict>
</plist>
